
Microsoft Visual Studio Solution File, Format Version 12.00
# Visual Studio 2013
VisualStudioVersion = 12.0.40629.0
MinimumVisualStudioVersion = 10.0.40219.1
Project("{2150E333-8FDC-42A3-9474-1A3956D46DE8}") = "Build", "Build", "{37FFB38A-985A-42A7-B98B-D5ECDDAF4478}"
EndProject
Project("{FAE04EC0-301F-11D3-BF4B-00C04F79EFBC}") = "RabbitMqNext", "src\RabbitMqNext\RabbitMqNext.csproj", "{48FF9289-A49D-48E9-AF6C-89CB85E934D0}"
EndProject
Project("{2150E333-8FDC-42A3-9474-1A3956D46DE8}") = "Tests", "Tests", "{7228278D-07F5-4C95-8612-0EF23CB85E75}"
EndProject
Project("{2150E333-8FDC-42A3-9474-1A3956D46DE8}") = "Solution Items", "Solution Items", "{4B4C057E-49A2-4C60-A911-D157B3F61E57}"
	ProjectSection(SolutionItems) = preProject
		appveyor.yml = appveyor.yml
		RabbitMqNext.nuspec = RabbitMqNext.nuspec
		README.md = README.md
	EndProjectSection
EndProject
Project("{2150E333-8FDC-42A3-9474-1A3956D46DE8}") = "Perf", "Perf", "{BEF1F0AC-A2D7-4874-A2A8-588A8F991A97}"
EndProject
Project("{2150E333-8FDC-42A3-9474-1A3956D46DE8}") = "Stress", "Stress", "{15854072-7FB8-4D65-9DB0-1EB1EFEB8A59}"
EndProject
Project("{FAE04EC0-301F-11D3-BF4B-00C04F79EFBC}") = "PerfTest", "test\Perf\PerfTest\PerfTest.csproj", "{62188C57-E392-43E4-AD76-61F2367F7ED8}"
EndProject
Project("{FAE04EC0-301F-11D3-BF4B-00C04F79EFBC}") = "PerfTestServer", "test\Perf\PerfTestServer\PerfTestServer.csproj", "{16A0A238-0E72-48E3-85E2-834A0537F696}"
EndProject
Project("{FAE04EC0-301F-11D3-BF4B-00C04F79EFBC}") = "RingBufferPerfTest", "test\Perf\RingBufferPerfTest\RingBufferPerfTest.csproj", "{68823A2C-D13C-4B9E-B4C8-353227A30C3A}"
EndProject
Project("{FAE04EC0-301F-11D3-BF4B-00C04F79EFBC}") = "EchoClient", "test\Stress\EchoClient\EchoClient.csproj", "{7640E204-7DD9-40E0-A3AB-D9F38A5CB391}"
EndProject
Project("{FAE04EC0-301F-11D3-BF4B-00C04F79EFBC}") = "EchoTestServer", "test\Stress\EchoTestServer\EchoTestServer.csproj", "{4D213E22-6C45-4865-BF21-67400DD5EFCF}"
EndProject
Project("{FAE04EC0-301F-11D3-BF4B-00C04F79EFBC}") = "RabbitMqNextTests", "test\Tests\RabbitMqNext.Tests\RabbitMqNextTests.csproj", "{1C5509A6-AE8F-42B8-8E21-C8BE264F1A5C}"
EndProject
Project("{FAE04EC0-301F-11D3-BF4B-00C04F79EFBC}") = "RabbitMqNext.IntegrationTests", "test\Tests\RabbitMqNext.IntegrationTests\RabbitMqNext.IntegrationTests.csproj", "{75DE4826-7CE9-4FBD-B358-A29198B7E3E9}"
EndProject
Project("{2150E333-8FDC-42A3-9474-1A3956D46DE8}") = "QA", "QA", "{F00FCF4B-1A51-4F1F-806A-5672632A406E}"
EndProject
Project("{FAE04EC0-301F-11D3-BF4B-00C04F79EFBC}") = "ObjPoolPerfTest", "test\Perf\ObjPoolPerfTest\ObjPoolPerfTest.csproj", "{60992407-BD1A-4E6B-A951-7921773183A5}"
EndProject
Project("{FAE04EC0-301F-11D3-BF4B-00C04F79EFBC}") = "PerfMsgProducer", "test\Perf\PerfMsgProducer\PerfMsgProducer.csproj", "{D85AEEC2-9CB6-4D30-95AC-D0F4D5598332}"
EndProject
Project("{FAE04EC0-301F-11D3-BF4B-00C04F79EFBC}") = "PerfMsgConsumer", "test\Perf\PerfMsgConsumer\PerfMsgConsumer.csproj", "{01F1493E-231A-4525-966A-B292B55B5B31}"
EndProject
Project("{FAE04EC0-301F-11D3-BF4B-00C04F79EFBC}") = "RecoveryScenariosApp", "test\Tests\RecoveryScenariosApp\RecoveryScenariosApp.csproj", "{D4D92286-0BD4-4A9A-9926-A074AA50159E}"
EndProject
Project("{FAE04EC0-301F-11D3-BF4B-00C04F79EFBC}") = "PerfTestMultQServer", "test\Perf\PerfTestMultQServer\PerfTestMultQServer.csproj", "{BA6534B8-8AE1-4CAA-A5B5-3C05D2AE9E7B}"
EndProject
Project("{FAE04EC0-301F-11D3-BF4B-00C04F79EFBC}") = "PerfTestMultQClient", "test\Perf\PerfTestMultQClient\PerfTestMultQClient.csproj", "{5B4A451D-AA80-4DC1-965C-E2CC963696A5}"
EndProject
Global
	GlobalSection(SolutionConfigurationPlatforms) = preSolution
		Debug|Any CPU = Debug|Any CPU
		Release|Any CPU = Release|Any CPU
	EndGlobalSection
	GlobalSection(ProjectConfigurationPlatforms) = postSolution
		{48FF9289-A49D-48E9-AF6C-89CB85E934D0}.Debug|Any CPU.ActiveCfg = Debug|Any CPU
		{48FF9289-A49D-48E9-AF6C-89CB85E934D0}.Debug|Any CPU.Build.0 = Debug|Any CPU
		{48FF9289-A49D-48E9-AF6C-89CB85E934D0}.Release|Any CPU.ActiveCfg = Release|Any CPU
		{48FF9289-A49D-48E9-AF6C-89CB85E934D0}.Release|Any CPU.Build.0 = Release|Any CPU
		{62188C57-E392-43E4-AD76-61F2367F7ED8}.Debug|Any CPU.ActiveCfg = Debug|Any CPU
		{62188C57-E392-43E4-AD76-61F2367F7ED8}.Debug|Any CPU.Build.0 = Debug|Any CPU
		{62188C57-E392-43E4-AD76-61F2367F7ED8}.Release|Any CPU.ActiveCfg = Release|Any CPU
		{62188C57-E392-43E4-AD76-61F2367F7ED8}.Release|Any CPU.Build.0 = Release|Any CPU
		{16A0A238-0E72-48E3-85E2-834A0537F696}.Debug|Any CPU.ActiveCfg = Debug|Any CPU
		{16A0A238-0E72-48E3-85E2-834A0537F696}.Debug|Any CPU.Build.0 = Debug|Any CPU
		{16A0A238-0E72-48E3-85E2-834A0537F696}.Release|Any CPU.ActiveCfg = Release|Any CPU
		{16A0A238-0E72-48E3-85E2-834A0537F696}.Release|Any CPU.Build.0 = Release|Any CPU
		{68823A2C-D13C-4B9E-B4C8-353227A30C3A}.Debug|Any CPU.ActiveCfg = Debug|Any CPU
		{68823A2C-D13C-4B9E-B4C8-353227A30C3A}.Debug|Any CPU.Build.0 = Debug|Any CPU
		{68823A2C-D13C-4B9E-B4C8-353227A30C3A}.Release|Any CPU.ActiveCfg = Release|Any CPU
		{68823A2C-D13C-4B9E-B4C8-353227A30C3A}.Release|Any CPU.Build.0 = Release|Any CPU
		{7640E204-7DD9-40E0-A3AB-D9F38A5CB391}.Debug|Any CPU.ActiveCfg = Debug|Any CPU
		{7640E204-7DD9-40E0-A3AB-D9F38A5CB391}.Debug|Any CPU.Build.0 = Debug|Any CPU
		{7640E204-7DD9-40E0-A3AB-D9F38A5CB391}.Release|Any CPU.ActiveCfg = Release|Any CPU
		{7640E204-7DD9-40E0-A3AB-D9F38A5CB391}.Release|Any CPU.Build.0 = Release|Any CPU
		{4D213E22-6C45-4865-BF21-67400DD5EFCF}.Debug|Any CPU.ActiveCfg = Debug|Any CPU
		{4D213E22-6C45-4865-BF21-67400DD5EFCF}.Debug|Any CPU.Build.0 = Debug|Any CPU
		{4D213E22-6C45-4865-BF21-67400DD5EFCF}.Release|Any CPU.ActiveCfg = Release|Any CPU
		{4D213E22-6C45-4865-BF21-67400DD5EFCF}.Release|Any CPU.Build.0 = Release|Any CPU
		{1C5509A6-AE8F-42B8-8E21-C8BE264F1A5C}.Debug|Any CPU.ActiveCfg = Debug|Any CPU
		{1C5509A6-AE8F-42B8-8E21-C8BE264F1A5C}.Debug|Any CPU.Build.0 = Debug|Any CPU
		{1C5509A6-AE8F-42B8-8E21-C8BE264F1A5C}.Release|Any CPU.ActiveCfg = Release|Any CPU
		{1C5509A6-AE8F-42B8-8E21-C8BE264F1A5C}.Release|Any CPU.Build.0 = Release|Any CPU
		{75DE4826-7CE9-4FBD-B358-A29198B7E3E9}.Debug|Any CPU.ActiveCfg = Debug|Any CPU
		{75DE4826-7CE9-4FBD-B358-A29198B7E3E9}.Debug|Any CPU.Build.0 = Debug|Any CPU
		{75DE4826-7CE9-4FBD-B358-A29198B7E3E9}.Release|Any CPU.ActiveCfg = Release|Any CPU
		{75DE4826-7CE9-4FBD-B358-A29198B7E3E9}.Release|Any CPU.Build.0 = Release|Any CPU
		{60992407-BD1A-4E6B-A951-7921773183A5}.Debug|Any CPU.ActiveCfg = Debug|Any CPU
		{60992407-BD1A-4E6B-A951-7921773183A5}.Debug|Any CPU.Build.0 = Debug|Any CPU
		{60992407-BD1A-4E6B-A951-7921773183A5}.Release|Any CPU.ActiveCfg = Release|Any CPU
		{60992407-BD1A-4E6B-A951-7921773183A5}.Release|Any CPU.Build.0 = Release|Any CPU
		{D85AEEC2-9CB6-4D30-95AC-D0F4D5598332}.Debug|Any CPU.ActiveCfg = Debug|Any CPU
		{D85AEEC2-9CB6-4D30-95AC-D0F4D5598332}.Debug|Any CPU.Build.0 = Debug|Any CPU
		{D85AEEC2-9CB6-4D30-95AC-D0F4D5598332}.Release|Any CPU.ActiveCfg = Release|Any CPU
		{D85AEEC2-9CB6-4D30-95AC-D0F4D5598332}.Release|Any CPU.Build.0 = Release|Any CPU
		{01F1493E-231A-4525-966A-B292B55B5B31}.Debug|Any CPU.ActiveCfg = Debug|Any CPU
		{01F1493E-231A-4525-966A-B292B55B5B31}.Debug|Any CPU.Build.0 = Debug|Any CPU
		{01F1493E-231A-4525-966A-B292B55B5B31}.Release|Any CPU.ActiveCfg = Release|Any CPU
		{01F1493E-231A-4525-966A-B292B55B5B31}.Release|Any CPU.Build.0 = Release|Any CPU
		{D4D92286-0BD4-4A9A-9926-A074AA50159E}.Debug|Any CPU.ActiveCfg = Debug|Any CPU
		{D4D92286-0BD4-4A9A-9926-A074AA50159E}.Debug|Any CPU.Build.0 = Debug|Any CPU
		{D4D92286-0BD4-4A9A-9926-A074AA50159E}.Release|Any CPU.ActiveCfg = Release|Any CPU
		{D4D92286-0BD4-4A9A-9926-A074AA50159E}.Release|Any CPU.Build.0 = Release|Any CPU
		{BA6534B8-8AE1-4CAA-A5B5-3C05D2AE9E7B}.Debug|Any CPU.ActiveCfg = Debug|Any CPU
		{BA6534B8-8AE1-4CAA-A5B5-3C05D2AE9E7B}.Debug|Any CPU.Build.0 = Debug|Any CPU
		{BA6534B8-8AE1-4CAA-A5B5-3C05D2AE9E7B}.Release|Any CPU.ActiveCfg = Release|Any CPU
		{BA6534B8-8AE1-4CAA-A5B5-3C05D2AE9E7B}.Release|Any CPU.Build.0 = Release|Any CPU
		{5B4A451D-AA80-4DC1-965C-E2CC963696A5}.Debug|Any CPU.ActiveCfg = Debug|Any CPU
		{5B4A451D-AA80-4DC1-965C-E2CC963696A5}.Debug|Any CPU.Build.0 = Debug|Any CPU
		{5B4A451D-AA80-4DC1-965C-E2CC963696A5}.Release|Any CPU.ActiveCfg = Release|Any CPU
		{5B4A451D-AA80-4DC1-965C-E2CC963696A5}.Release|Any CPU.Build.0 = Release|Any CPU
	EndGlobalSection
	GlobalSection(SolutionProperties) = preSolution
		HideSolutionNode = FALSE
	EndGlobalSection
	GlobalSection(NestedProjects) = preSolution
		{7228278D-07F5-4C95-8612-0EF23CB85E75} = {F00FCF4B-1A51-4F1F-806A-5672632A406E}
		{BEF1F0AC-A2D7-4874-A2A8-588A8F991A97} = {F00FCF4B-1A51-4F1F-806A-5672632A406E}
		{15854072-7FB8-4D65-9DB0-1EB1EFEB8A59} = {F00FCF4B-1A51-4F1F-806A-5672632A406E}
		{62188C57-E392-43E4-AD76-61F2367F7ED8} = {BEF1F0AC-A2D7-4874-A2A8-588A8F991A97}
		{16A0A238-0E72-48E3-85E2-834A0537F696} = {BEF1F0AC-A2D7-4874-A2A8-588A8F991A97}
		{68823A2C-D13C-4B9E-B4C8-353227A30C3A} = {BEF1F0AC-A2D7-4874-A2A8-588A8F991A97}
		{7640E204-7DD9-40E0-A3AB-D9F38A5CB391} = {15854072-7FB8-4D65-9DB0-1EB1EFEB8A59}
		{4D213E22-6C45-4865-BF21-67400DD5EFCF} = {15854072-7FB8-4D65-9DB0-1EB1EFEB8A59}
		{1C5509A6-AE8F-42B8-8E21-C8BE264F1A5C} = {7228278D-07F5-4C95-8612-0EF23CB85E75}
		{75DE4826-7CE9-4FBD-B358-A29198B7E3E9} = {7228278D-07F5-4C95-8612-0EF23CB85E75}
		{60992407-BD1A-4E6B-A951-7921773183A5} = {BEF1F0AC-A2D7-4874-A2A8-588A8F991A97}
		{D85AEEC2-9CB6-4D30-95AC-D0F4D5598332} = {BEF1F0AC-A2D7-4874-A2A8-588A8F991A97}
		{01F1493E-231A-4525-966A-B292B55B5B31} = {BEF1F0AC-A2D7-4874-A2A8-588A8F991A97}
		{D4D92286-0BD4-4A9A-9926-A074AA50159E} = {7228278D-07F5-4C95-8612-0EF23CB85E75}
		{BA6534B8-8AE1-4CAA-A5B5-3C05D2AE9E7B} = {BEF1F0AC-A2D7-4874-A2A8-588A8F991A97}
		{5B4A451D-AA80-4DC1-965C-E2CC963696A5} = {BEF1F0AC-A2D7-4874-A2A8-588A8F991A97}
	EndGlobalSection
EndGlobal
