
Microsoft Visual Studio Solution File, Format Version 12.00
# Visual Studio 2013
VisualStudioVersion = 12.0.40629.0
MinimumVisualStudioVersion = 10.0.40219.1
Project("{2150E333-8FDC-42A3-9474-1A3956D46DE8}") = "Build", "Build", "{37FFB38A-985A-42A7-B98B-D5ECDDAF4478}"
EndProject
Project("{2150E333-8FDC-42A3-9474-1A3956D46DE8}") = ".nuget", ".nuget", "{7EF20BA1-E592-431D-8371-F3FA18633ABC}"
	ProjectSection(SolutionItems) = preProject
		.nuget\NuGet.Config = .nuget\NuGet.Config
		.nuget\NuGet.exe = .nuget\NuGet.exe
		.nuget\NuGet.targets = .nuget\NuGet.targets
	EndProjectSection
EndProject
Project("{FAE04EC0-301F-11D3-BF4B-00C04F79EFBC}") = "RabbitMqNext", "src\RabbitMqNext\RabbitMqNext.csproj", "{48FF9289-A49D-48E9-AF6C-89CB85E934D0}"
EndProject
Project("{FAE04EC0-301F-11D3-BF4B-00C04F79EFBC}") = "RabbitMqNext.Tests", "src\RabbitMqNext.Tests\RabbitMqNext.Tests.csproj", "{1C5509A6-AE8F-42B8-8E21-C8BE264F1A5C}"
EndProject
Project("{FAE04EC0-301F-11D3-BF4B-00C04F79EFBC}") = "RabbitMqNext.IntegrationTests", "src\RabbitMqNext.IntegrationTests\RabbitMqNext.IntegrationTests.csproj", "{75DE4826-7CE9-4FBD-B358-A29198B7E3E9}"
EndProject
Project("{2150E333-8FDC-42A3-9474-1A3956D46DE8}") = "Tests", "Tests", "{7228278D-07F5-4C95-8612-0EF23CB85E75}"
EndProject
Project("{FAE04EC0-301F-11D3-BF4B-00C04F79EFBC}") = "PerfTest", "src\PerfTest\PerfTest.csproj", "{62188C57-E392-43E4-AD76-61F2367F7ED8}"
EndProject
Project("{2150E333-8FDC-42A3-9474-1A3956D46DE8}") = "Solution Items", "Solution Items", "{4B4C057E-49A2-4C60-A911-D157B3F61E57}"
	ProjectSection(SolutionItems) = preProject
		README.md = README.md
	EndProjectSection
EndProject
Global
	GlobalSection(SolutionConfigurationPlatforms) = preSolution
		Debug|Any CPU = Debug|Any CPU
		Release|Any CPU = Release|Any CPU
	EndGlobalSection
	GlobalSection(ProjectConfigurationPlatforms) = postSolution
		{48FF9289-A49D-48E9-AF6C-89CB85E934D0}.Debug|Any CPU.ActiveCfg = Debug|Any CPU
		{48FF9289-A49D-48E9-AF6C-89CB85E934D0}.Debug|Any CPU.Build.0 = Debug|Any CPU
		{48FF9289-A49D-48E9-AF6C-89CB85E934D0}.Release|Any CPU.ActiveCfg = Release|Any CPU
		{48FF9289-A49D-48E9-AF6C-89CB85E934D0}.Release|Any CPU.Build.0 = Release|Any CPU
		{1C5509A6-AE8F-42B8-8E21-C8BE264F1A5C}.Debug|Any CPU.ActiveCfg = Debug|Any CPU
		{1C5509A6-AE8F-42B8-8E21-C8BE264F1A5C}.Debug|Any CPU.Build.0 = Debug|Any CPU
		{1C5509A6-AE8F-42B8-8E21-C8BE264F1A5C}.Release|Any CPU.ActiveCfg = Release|Any CPU
		{1C5509A6-AE8F-42B8-8E21-C8BE264F1A5C}.Release|Any CPU.Build.0 = Release|Any CPU
		{75DE4826-7CE9-4FBD-B358-A29198B7E3E9}.Debug|Any CPU.ActiveCfg = Debug|Any CPU
		{75DE4826-7CE9-4FBD-B358-A29198B7E3E9}.Debug|Any CPU.Build.0 = Debug|Any CPU
		{75DE4826-7CE9-4FBD-B358-A29198B7E3E9}.Release|Any CPU.ActiveCfg = Release|Any CPU
		{75DE4826-7CE9-4FBD-B358-A29198B7E3E9}.Release|Any CPU.Build.0 = Release|Any CPU
		{62188C57-E392-43E4-AD76-61F2367F7ED8}.Debug|Any CPU.ActiveCfg = Debug|Any CPU
		{62188C57-E392-43E4-AD76-61F2367F7ED8}.Debug|Any CPU.Build.0 = Debug|Any CPU
		{62188C57-E392-43E4-AD76-61F2367F7ED8}.Release|Any CPU.ActiveCfg = Release|Any CPU
		{62188C57-E392-43E4-AD76-61F2367F7ED8}.Release|Any CPU.Build.0 = Release|Any CPU
	EndGlobalSection
	GlobalSection(SolutionProperties) = preSolution
		HideSolutionNode = FALSE
	EndGlobalSection
	GlobalSection(NestedProjects) = preSolution
		{1C5509A6-AE8F-42B8-8E21-C8BE264F1A5C} = {7228278D-07F5-4C95-8612-0EF23CB85E75}
		{75DE4826-7CE9-4FBD-B358-A29198B7E3E9} = {7228278D-07F5-4C95-8612-0EF23CB85E75}
		{62188C57-E392-43E4-AD76-61F2367F7ED8} = {7228278D-07F5-4C95-8612-0EF23CB85E75}
	EndGlobalSection
EndGlobal
